
Microsoft Visual Studio Solution File, Format Version 12.00
# Visual Studio Version 16
VisualStudioVersion = 25.0.1706.1
MinimumVisualStudioVersion = 10.0.40219.1
Project("{FAE04EC0-301F-11D3-BF4B-00C04F79EFBC}") = "KnowledgeCheck2", "KnowledgeCheck2\KnowledgeCheck2.csproj", "{C2FCCA3A-75F3-4BA0-B3C8-81F5717C236E}"
EndProject
Global
	GlobalSection(SolutionConfigurationPlatforms) = preSolution
		Debug|Any CPU = Debug|Any CPU
		Release|Any CPU = Release|Any CPU
	EndGlobalSection
	GlobalSection(ProjectConfigurationPlatforms) = postSolution
		{C2FCCA3A-75F3-4BA0-B3C8-81F5717C236E}.Debug|Any CPU.ActiveCfg = Debug|Any CPU
		{C2FCCA3A-75F3-4BA0-B3C8-81F5717C236E}.Debug|Any CPU.Build.0 = Debug|Any CPU
		{C2FCCA3A-75F3-4BA0-B3C8-81F5717C236E}.Release|Any CPU.ActiveCfg = Release|Any CPU
		{C2FCCA3A-75F3-4BA0-B3C8-81F5717C236E}.Release|Any CPU.Build.0 = Release|Any CPU
	EndGlobalSection
	GlobalSection(SolutionProperties) = preSolution
		HideSolutionNode = FALSE
	EndGlobalSection
	GlobalSection(ExtensibilityGlobals) = postSolution
		SolutionGuid = {A166D488-04AC-46FC-8948-260B28E4AB48}
	EndGlobalSection
EndGlobal
